
Microsoft Visual Studio Solution File, Format Version 12.00
# Visual Studio Version 17
VisualStudioVersion = 17.14.36310.24 d17.14
MinimumVisualStudioVersion = 10.0.40219.1
Project("{FAE04EC0-301F-11D3-BF4B-00C04F79EFBC}") = "Zaid_AbuShawarib_Project2", "Zaid_AbuShawarib_Project2\Zaid_AbuShawarib_Project2.csproj", "{ED584DD3-4930-463C-87E7-8DDE1611985A}"
EndProject
Global
	GlobalSection(SolutionConfigurationPlatforms) = preSolution
		Debug|Any CPU = Debug|Any CPU
		Release|Any CPU = Release|Any CPU
	EndGlobalSection
	GlobalSection(ProjectConfigurationPlatforms) = postSolution
		{ED584DD3-4930-463C-87E7-8DDE1611985A}.Debug|Any CPU.ActiveCfg = Debug|Any CPU
		{ED584DD3-4930-463C-87E7-8DDE1611985A}.Debug|Any CPU.Build.0 = Debug|Any CPU
		{ED584DD3-4930-463C-87E7-8DDE1611985A}.Release|Any CPU.ActiveCfg = Release|Any CPU
		{ED584DD3-4930-463C-87E7-8DDE1611985A}.Release|Any CPU.Build.0 = Release|Any CPU
	EndGlobalSection
	GlobalSection(SolutionProperties) = preSolution
		HideSolutionNode = FALSE
	EndGlobalSection
	GlobalSection(ExtensibilityGlobals) = postSolution
		SolutionGuid = {1C4E2B04-1536-49CC-B97C-A0587F899C2D}
	EndGlobalSection
EndGlobal
